
Microsoft Visual Studio Solution File, Format Version 12.00
# Visual Studio Version 17
VisualStudioVersion = 17.4.33110.190
MinimumVisualStudioVersion = 10.0.40219.1
Project("{FAE04EC0-301F-11D3-BF4B-00C04F79EFBC}") = "anonim-chat", "anonim-chat\anonim-chat.csproj", "{08305A75-58A4-47C6-A5A8-BC98A176516F}"
EndProject
Project("{FAE04EC0-301F-11D3-BF4B-00C04F79EFBC}") = "anonim-chat.API", "anonim-chat.API\anonim-chat.API.csproj", "{D45A93D5-4393-4F07-A183-B14E17496F69}"
EndProject
Global
	GlobalSection(SolutionConfigurationPlatforms) = preSolution
		Debug|Any CPU = Debug|Any CPU
		Release|Any CPU = Release|Any CPU
	EndGlobalSection
	GlobalSection(ProjectConfigurationPlatforms) = postSolution
		{08305A75-58A4-47C6-A5A8-BC98A176516F}.Debug|Any CPU.ActiveCfg = Debug|Any CPU
		{08305A75-58A4-47C6-A5A8-BC98A176516F}.Debug|Any CPU.Build.0 = Debug|Any CPU
		{08305A75-58A4-47C6-A5A8-BC98A176516F}.Release|Any CPU.ActiveCfg = Release|Any CPU
		{08305A75-58A4-47C6-A5A8-BC98A176516F}.Release|Any CPU.Build.0 = Release|Any CPU
		{D45A93D5-4393-4F07-A183-B14E17496F69}.Debug|Any CPU.ActiveCfg = Debug|Any CPU
		{D45A93D5-4393-4F07-A183-B14E17496F69}.Debug|Any CPU.Build.0 = Debug|Any CPU
		{D45A93D5-4393-4F07-A183-B14E17496F69}.Release|Any CPU.ActiveCfg = Release|Any CPU
		{D45A93D5-4393-4F07-A183-B14E17496F69}.Release|Any CPU.Build.0 = Release|Any CPU
	EndGlobalSection
	GlobalSection(SolutionProperties) = preSolution
		HideSolutionNode = FALSE
	EndGlobalSection
	GlobalSection(ExtensibilityGlobals) = postSolution
		SolutionGuid = {C2B9A256-F649-46B1-B45D-2C12E466EE66}
	EndGlobalSection
EndGlobal
